
Microsoft Visual Studio Solution File, Format Version 12.00
# Visual Studio Version 17
VisualStudioVersion = 17.2.32630.192
MinimumVisualStudioVersion = 10.0.40219.1
Project("{9A19103F-16F7-4668-BE54-9A1E7A4F7556}") = "Carvajal.Server", "Server\Carvajal.Server.csproj", "{D9076A62-578F-49B6-A2E0-367F076C2D63}"
EndProject
Project("{9A19103F-16F7-4668-BE54-9A1E7A4F7556}") = "Carvajal.Client", "Client\Carvajal.Client.csproj", "{54B7F034-4EE9-46F4-BFC2-42D6A2D8AEEA}"
EndProject
Project("{9A19103F-16F7-4668-BE54-9A1E7A4F7556}") = "Carvajal.Shared", "Shared\Carvajal.Shared.csproj", "{E9F38A5D-AA58-4680-A39B-D83DB721826D}"
EndProject
Project("{2150E333-8FDC-42A3-9474-1A3956D46DE8}") = "Solution Items", "Solution Items", "{A2EF3DD7-00A3-42C3-99B6-8C4639962CBA}"
	ProjectSection(SolutionItems) = preProject
		.editorconfig = .editorconfig
	EndProjectSection
EndProject
Global
	GlobalSection(SolutionConfigurationPlatforms) = preSolution
		Debug|Any CPU = Debug|Any CPU
		Release|Any CPU = Release|Any CPU
	EndGlobalSection
	GlobalSection(ProjectConfigurationPlatforms) = postSolution
		{D9076A62-578F-49B6-A2E0-367F076C2D63}.Debug|Any CPU.ActiveCfg = Debug|Any CPU
		{D9076A62-578F-49B6-A2E0-367F076C2D63}.Debug|Any CPU.Build.0 = Debug|Any CPU
		{D9076A62-578F-49B6-A2E0-367F076C2D63}.Release|Any CPU.ActiveCfg = Release|Any CPU
		{D9076A62-578F-49B6-A2E0-367F076C2D63}.Release|Any CPU.Build.0 = Release|Any CPU
		{54B7F034-4EE9-46F4-BFC2-42D6A2D8AEEA}.Debug|Any CPU.ActiveCfg = Debug|Any CPU
		{54B7F034-4EE9-46F4-BFC2-42D6A2D8AEEA}.Debug|Any CPU.Build.0 = Debug|Any CPU
		{54B7F034-4EE9-46F4-BFC2-42D6A2D8AEEA}.Release|Any CPU.ActiveCfg = Release|Any CPU
		{54B7F034-4EE9-46F4-BFC2-42D6A2D8AEEA}.Release|Any CPU.Build.0 = Release|Any CPU
		{E9F38A5D-AA58-4680-A39B-D83DB721826D}.Debug|Any CPU.ActiveCfg = Debug|Any CPU
		{E9F38A5D-AA58-4680-A39B-D83DB721826D}.Debug|Any CPU.Build.0 = Debug|Any CPU
		{E9F38A5D-AA58-4680-A39B-D83DB721826D}.Release|Any CPU.ActiveCfg = Release|Any CPU
		{E9F38A5D-AA58-4680-A39B-D83DB721826D}.Release|Any CPU.Build.0 = Release|Any CPU
	EndGlobalSection
	GlobalSection(SolutionProperties) = preSolution
		HideSolutionNode = FALSE
	EndGlobalSection
	GlobalSection(ExtensibilityGlobals) = postSolution
		SolutionGuid = {98002A59-6A98-41B8-B720-51C99A1D6249}
	EndGlobalSection
EndGlobal
